version = 1
revision = 1
requires-python = ">=3.11"

[[package]]
name = "urwid"
version = "4.0.0"
source = { registry = "https://pypi.org/simple" }
dependencies = [
    { name = "wcwidth" },
]
sdist = { url = "https://files.pythonhosted.org/packages/1c/09/afbd44c7c57b1124d94ffe6321154798b816bd09c00e0aaabb701583a1c8/urwid-4.0.0.tar.gz", hash = "sha256:58ddc5c65eb3109b69e2e95469553f9f86070645cc1b553d6ee3fe8dbac2e0ba", size = 859221 }
wheels = [
    { url = "https://files.pythonhosted.org/packages/e4/f8/5fcf2602662dbd6fab8f60f24efb363fb9ec0e9fa37d7a6ae6c8785d6e14/urwid-4.0.0-py3-none-any.whl", hash = "sha256:f6f0381d5656b8b24ee960969927021d858c1f7320771cf8f3ec5b94a139b9b7", size = 293823 },
]

[[package]]
name = "vander"
version = "0.2.0"
source = { virtual = "." }
dependencies = [
    { name = "urwid" },
]

[package.metadata]
requires-dist = [{ name = "urwid", specifier = "==4.0.0" }]

[[package]]
name = "wcwidth"
version = "0.6.0"
source = { registry = "https://pypi.org/simple" }
sdist = { url = "https://files.pythonhosted.org/packages/35/a2/8e3becb46433538a38726c948d3399905a4c7cabd0df578ede5dc51f0ec2/wcwidth-0.6.0.tar.gz", hash = "sha256:cdc4e4262d6ef9a1a57e018384cbeb1208d8abbc64176027e2c2455c81313159", size = 159684 }
wheels = [
    { url = "https://files.pythonhosted.org/packages/68/5a/199c59e0a824a3db2b89c5d2dade7ab5f9624dbf6448dc291b46d5ec94d3/wcwidth-0.6.0-py3-none-any.whl", hash = "sha256:1a3a1e510b553315f8e146c54764f4fb6264ffad731b3d78088cdb1478ffbdad", size = 94189 },
]
